// !$*UTF8*$!
{
	archiveVersion = 1;
	classes = {
	};
	objectVersion = 46;
	objects = {

/* Begin PBXBuildFile section */
		83E1C9F51CB2FE7E007545C5 /* FractionRamYDriver.cpp in Sources */ = {isa = PBXBuildFile; fileRef = 83E1C9F41CB2FE7E007545C5 /* FractionRamYDriver.cpp */; };
		83E1C9FD1CB3004B007545C5 /* FractionRamY.cpp in Sources */ = {isa = PBXBuildFile; fileRef = 83E1C9FC1CB3004B007545C5 /* FractionRamY.cpp */; };
		83E1CA031CB4479B007545C5 /* FractionRamYUtility.cpp in Sources */ = {isa = PBXBuildFile; fileRef = 83E1CA021CB4479B007545C5 /* FractionRamYUtility.cpp */; };
/* End PBXBuildFile section */

/* Begin PBXCopyFilesBuildPhase section */
		83E1C9EF1CB2FE7E007545C5 /* CopyFiles */ = {
			isa = PBXCopyFilesBuildPhase;
			buildActionMask = 2147483647;
			dstPath = /usr/share/man/man1/;
			dstSubfolderSpec = 0;
			files = (
			);
			runOnlyForDeploymentPostprocessing = 1;
		};
/* End PBXCopyFilesBuildPhase section */

/* Begin PBXFileReference section */
		83E1C9F11CB2FE7E007545C5 /* cis25Spring2016RamYadavHW4Ex1 */ = {isa = PBXFileReference; explicitFileType = "compiled.mach-o.executable"; includeInIndex = 0; path = cis25Spring2016RamYadavHW4Ex1; sourceTree = BUILT_PRODUCTS_DIR; };
		83E1C9F41CB2FE7E007545C5 /* FractionRamYDriver.cpp */ = {isa = PBXFileReference; lastKnownFileType = sourcecode.cpp.cpp; path = FractionRamYDriver.cpp; sourceTree = "<group>"; };
		83E1C9FB1CB2FF42007545C5 /* FractionRamY.h */ = {isa = PBXFileReference; lastKnownFileType = sourcecode.c.h; path = FractionRamY.h; sourceTree = "<group>"; };
		83E1C9FC1CB3004B007545C5 /* FractionRamY.cpp */ = {isa = PBXFileReference; fileEncoding = 4; lastKnownFileType = sourcecode.cpp.cpp; path = FractionRamY.cpp; sourceTree = "<group>"; };
		83E1CA011CB4477D007545C5 /* FractionRamYUtility.h */ = {isa = PBXFileReference; lastKnownFileType = sourcecode.c.h; path = FractionRamYUtility.h; sourceTree = "<group>"; };
		83E1CA021CB4479B007545C5 /* FractionRamYUtility.cpp */ = {isa = PBXFileReference; fileEncoding = 4; lastKnownFileType = sourcecode.cpp.cpp; path = FractionRamYUtility.cpp; sourceTree = "<group>"; };
/* End PBXFileReference section */

/* Begin PBXFrameworksBuildPhase section */
		83E1C9EE1CB2FE7E007545C5 /* Frameworks */ = {
			isa = PBXFrameworksBuildPhase;
			buildActionMask = 2147483647;
			files = (
			);
			runOnlyForDeploymentPostprocessing = 0;
		};
/* End PBXFrameworksBuildPhase section */

/* Begin PBXGroup section */
		83E1C9E81CB2FE7E007545C5 = {
			isa = PBXGroup;
			children = (
				83E1C9F31CB2FE7E007545C5 /* cis25Spring2016RamYadavHW4Ex1 */,
				83E1C9F21CB2FE7E007545C5 /* Products */,
			);
			sourceTree = "<group>";
		};
		83E1C9F21CB2FE7E007545C5 /* Products */ = {
			isa = PBXGroup;
			children = (
				83E1C9F11CB2FE7E007545C5 /* cis25Spring2016RamYadavHW4Ex1 */,
			);
			name = Products;
			sourceTree = "<group>";
		};
		83E1C9F31CB2FE7E007545C5 /* cis25Spring2016RamYadavHW4Ex1 */ = {
			isa = PBXGroup;
			children = (
				83E1C9F41CB2FE7E007545C5 /* FractionRamYDriver.cpp */,
				83E1C9FB1CB2FF42007545C5 /* FractionRamY.h */,
				83E1CA011CB4477D007545C5 /* FractionRamYUtility.h */,
				83E1CA021CB4479B007545C5 /* FractionRamYUtility.cpp */,
				83E1C9FC1CB3004B007545C5 /* FractionRamY.cpp */,
			);
			path = cis25Spring2016RamYadavHW4Ex1;
			sourceTree = "<group>";
		};
/* End PBXGroup section */

/* Begin PBXNativeTarget section */
		83E1C9F01CB2FE7E007545C5 /* cis25Spring2016RamYadavHW4Ex1 */ = {
			isa = PBXNativeTarget;
			buildConfigurationList = 83E1C9F81CB2FE7E007545C5 /* Build configuration list for PBXNativeTarget "cis25Spring2016RamYadavHW4Ex1" */;
			buildPhases = (
				83E1C9ED1CB2FE7E007545C5 /* Sources */,
				83E1C9EE1CB2FE7E007545C5 /* Frameworks */,
				83E1C9EF1CB2FE7E007545C5 /* CopyFiles */,
			);
			buildRules = (
			);
			dependencies = (
			);
			name = cis25Spring2016RamYadavHW4Ex1;
			productName = cis25Spring2016RamYadavHW4Ex1;
			productReference = 83E1C9F11CB2FE7E007545C5 /* cis25Spring2016RamYadavHW4Ex1 */;
			productType = "com.apple.product-type.tool";
		};
/* End PBXNativeTarget section */

/* Begin PBXProject section */
		83E1C9E91CB2FE7E007545C5 /* Project object */ = {
			isa = PBXProject;
			attributes = {
				LastUpgradeCheck = 0730;
				ORGANIZATIONNAME = "Ram yadav";
				TargetAttributes = {
					83E1C9F01CB2FE7E007545C5 = {
						CreatedOnToolsVersion = 7.3;
					};
				};
			};
			buildConfigurationList = 83E1C9EC1CB2FE7E007545C5 /* Build configuration list for PBXProject "cis25Spring2016RamYadavHW4Ex1" */;
			compatibilityVersion = "Xcode 3.2";
			developmentRegion = English;
			hasScannedForEncodings = 0;
			knownRegions = (
				en,
			);
			mainGroup = 83E1C9E81CB2FE7E007545C5;
			productRefGroup = 83E1C9F21CB2FE7E007545C5 /* Products */;
			projectDirPath = "";
			projectRoot = "";
			targets = (
				83E1C9F01CB2FE7E007545C5 /* cis25Spring2016RamYadavHW4Ex1 */,
			);
		};
/* End PBXProject section */

/* Begin PBXSourcesBuildPhase section */
		83E1C9ED1CB2FE7E007545C5 /* Sources */ = {
			isa = PBXSourcesBuildPhase;
			buildActionMask = 2147483647;
			files = (
				83E1C9FD1CB3004B007545C5 /* FractionRamY.cpp in Sources */,
				83E1C9F51CB2FE7E007545C5 /* FractionRamYDriver.cpp in Sources */,
				83E1CA031CB4479B007545C5 /* FractionRamYUtility.cpp in Sources */,
			);
			runOnlyForDeploymentPostprocessing = 0;
		};
/* End PBXSourcesBuildPhase section */

/* Begin XCBuildConfiguration section */
		83E1C9F61CB2FE7E007545C5 /* Debug */ = {
			isa = XCBuildConfiguration;
			buildSettings = {
				ALWAYS_SEARCH_USER_PATHS = NO;
				CLANG_ANALYZER_NONNULL = YES;
				CLANG_CXX_LANGUAGE_STANDARD = "gnu++0x";
				CLANG_CXX_LIBRARY = "libc++";
				CLANG_ENABLE_MODULES = YES;
				CLANG_ENABLE_OBJC_ARC = YES;
				CLANG_WARN_BOOL_CONVERSION = YES;
				CLANG_WARN_CONSTANT_CONVERSION = YES;
				CLANG_WARN_DIRECT_OBJC_ISA_USAGE = YES_ERROR;
				CLANG_WARN_EMPTY_BODY = YES;
				CLANG_WARN_ENUM_CONVERSION = YES;
				CLANG_WARN_INT_CONVERSION = YES;
				CLANG_WARN_OBJC_ROOT_CLASS = YES_ERROR;
				CLANG_WARN_UNREACHABLE_CODE = YES;
				CLANG_WARN__DUPLICATE_METHOD_MATCH = YES;
				CODE_SIGN_IDENTITY = "-";
				COPY_PHASE_STRIP = NO;
				DEBUG_INFORMATION_FORMAT = dwarf;
				ENABLE_STRICT_OBJC_MSGSEND = YES;
				ENABLE_TESTABILITY = YES;
				GCC_C_LANGUAGE_STANDARD = gnu99;
				GCC_DYNAMIC_NO_PIC = NO;
				GCC_NO_COMMON_BLOCKS = YES;
				GCC_OPTIMIZATION_LEVEL = 0;
				GCC_PREPROCESSOR_DEFINITIONS = (
					"DEBUG=1",
					"$(inherited)",
				);
				GCC_WARN_64_TO_32_BIT_CONVERSION = YES;
				GCC_WARN_ABOUT_RETURN_TYPE = YES_ERROR;
				GCC_WARN_UNDECLARED_SELECTOR = YES;
				GCC_WARN_UNINITIALIZED_AUTOS = YES_AGGRESSIVE;
				GCC_WARN_UNUSED_FUNCTION = YES;
				GCC_WARN_UNUSED_VARIABLE = YES;
				MACOSX_DEPLOYMENT_TARGET = 10.11;
				MTL_ENABLE_DEBUG_INFO = YES;
				ONLY_ACTIVE_ARCH = YES;
				SDKROOT = macosx;
			};
			name = Debug;
		};
		83E1C9F71CB2FE7E007545C5 /* Release */ = {
			isa = XCBuildConfiguration;
			buildSettings = {
				ALWAYS_SEARCH_USER_PATHS = NO;
				CLANG_ANALYZER_NONNULL = YES;
				CLANG_CXX_LANGUAGE_STANDARD = "gnu++0x";
				CLANG_CXX_LIBRARY = "libc++";
				CLANG_ENABLE_MODULES = YES;
				CLANG_ENABLE_OBJC_ARC = YES;
				CLANG_WARN_BOOL_CONVERSION = YES;
				CLANG_WARN_CONSTANT_CONVERSION = YES;
				CLANG_WARN_DIRECT_OBJC_ISA_USAGE = YES_ERROR;
				CLANG_WARN_EMPTY_BODY = YES;
				CLANG_WARN_ENUM_CONVERSION = YES;
				CLANG_WARN_INT_CONVERSION = YES;
				CLANG_WARN_OBJC_ROOT_CLASS = YES_ERROR;
				CLANG_WARN_UNREACHABLE_CODE = YES;
				CLANG_WARN__DUPLICATE_METHOD_MATCH = YES;
				CODE_SIGN_IDENTITY = "-";
				COPY_PHASE_STRIP = NO;
				DEBUG_INFORMATION_FORMAT = "dwarf-with-dsym";
				ENABLE_NS_ASSERTIONS = NO;
				ENABLE_STRICT_OBJC_MSGSEND = YES;
				GCC_C_LANGUAGE_STANDARD = gnu99;
				GCC_NO_COMMON_BLOCKS = YES;
				GCC_WARN_64_TO_32_BIT_CONVERSION = YES;
				GCC_WARN_ABOUT_RETURN_TYPE = YES_ERROR;
				GCC_WARN_UNDECLARED_SELECTOR = YES;
				GCC_WARN_UNINITIALIZED_AUTOS = YES_AGGRESSIVE;
				GCC_WARN_UNUSED_FUNCTION = YES;
				GCC_WARN_UNUSED_VARIABLE = YES;
				MACOSX_DEPLOYMENT_TARGET = 10.11;
				MTL_ENABLE_DEBUG_INFO = NO;
				SDKROOT = macosx;
			};
			name = Release;
		};
		83E1C9F91CB2FE7E007545C5 /* Debug */ = {
			isa = XCBuildConfiguration;
			buildSettings = {
				PRODUCT_NAME = "$(TARGET_NAME)";
			};
			name = Debug;
		};
		83E1C9FA1CB2FE7E007545C5 /* Release */ = {
			isa = XCBuildConfiguration;
			buildSettings = {
				PRODUCT_NAME = "$(TARGET_NAME)";
			};
			name = Release;
		};
/* End XCBuildConfiguration section */

/* Begin XCConfigurationList section */
		83E1C9EC1CB2FE7E007545C5 /* Build configuration list for PBXProject "cis25Spring2016RamYadavHW4Ex1" */ = {
			isa = XCConfigurationList;
			buildConfigurations = (
				83E1C9F61CB2FE7E007545C5 /* Debug */,
				83E1C9F71CB2FE7E007545C5 /* Release */,
			);
			defaultConfigurationIsVisible = 0;
			defaultConfigurationName = Release;
		};
		83E1C9F81CB2FE7E007545C5 /* Build configuration list for PBXNativeTarget "cis25Spring2016RamYadavHW4Ex1" */ = {
			isa = XCConfigurationList;
			buildConfigurations = (
				83E1C9F91CB2FE7E007545C5 /* Debug */,
				83E1C9FA1CB2FE7E007545C5 /* Release */,
			);
			defaultConfigurationIsVisible = 0;
			defaultConfigurationName = Release;
		};
/* End XCConfigurationList section */
	};
	rootObject = 83E1C9E91CB2FE7E007545C5 /* Project object */;
}
