// !$*UTF8*$!
{
	archiveVersion = 1;
	classes = {
	};
	objectVersion = 46;
	objects = {

/* Begin PBXBuildFile section */
		839EE9071CDBF6F000D32F13 /* RamYadavDriver.cpp in Sources */ = {isa = PBXBuildFile; fileRef = 839EE9061CDBF6F000D32F13 /* RamYadavDriver.cpp */; };
		839EE90F1CDBF72700D32F13 /* FractionRamY.cpp in Sources */ = {isa = PBXBuildFile; fileRef = 839EE90D1CDBF72700D32F13 /* FractionRamY.cpp */; };
		839EE9121CDBF74600D32F13 /* PointRamY.cpp in Sources */ = {isa = PBXBuildFile; fileRef = 839EE9101CDBF74600D32F13 /* PointRamY.cpp */; };
		839EE9151CDBF76800D32F13 /* RamYUtility.cpp in Sources */ = {isa = PBXBuildFile; fileRef = 839EE9131CDBF76800D32F13 /* RamYUtility.cpp */; };
		839EE9181CDBF95C00D32F13 /* RectangleRamY.cpp in Sources */ = {isa = PBXBuildFile; fileRef = 839EE9161CDBF95C00D32F13 /* RectangleRamY.cpp */; };
		839EE91B1CDBF98B00D32F13 /* CircleRamY.cpp in Sources */ = {isa = PBXBuildFile; fileRef = 839EE9191CDBF98B00D32F13 /* CircleRamY.cpp */; };
/* End PBXBuildFile section */

/* Begin PBXCopyFilesBuildPhase section */
		839EE9011CDBF6F000D32F13 /* CopyFiles */ = {
			isa = PBXCopyFilesBuildPhase;
			buildActionMask = 2147483647;
			dstPath = /usr/share/man/man1/;
			dstSubfolderSpec = 0;
			files = (
			);
			runOnlyForDeploymentPostprocessing = 1;
		};
/* End PBXCopyFilesBuildPhase section */

/* Begin PBXFileReference section */
		839EE9031CDBF6F000D32F13 /* cis25Spring2016RamYadavHW7Ex1 */ = {isa = PBXFileReference; explicitFileType = "compiled.mach-o.executable"; includeInIndex = 0; path = cis25Spring2016RamYadavHW7Ex1; sourceTree = BUILT_PRODUCTS_DIR; };
		839EE9061CDBF6F000D32F13 /* RamYadavDriver.cpp */ = {isa = PBXFileReference; lastKnownFileType = sourcecode.cpp.cpp; path = RamYadavDriver.cpp; sourceTree = "<group>"; };
		839EE90D1CDBF72700D32F13 /* FractionRamY.cpp */ = {isa = PBXFileReference; fileEncoding = 4; lastKnownFileType = sourcecode.cpp.cpp; path = FractionRamY.cpp; sourceTree = "<group>"; };
		839EE90E1CDBF72700D32F13 /* FractionRamY.h */ = {isa = PBXFileReference; fileEncoding = 4; lastKnownFileType = sourcecode.c.h; path = FractionRamY.h; sourceTree = "<group>"; };
		839EE9101CDBF74600D32F13 /* PointRamY.cpp */ = {isa = PBXFileReference; fileEncoding = 4; lastKnownFileType = sourcecode.cpp.cpp; path = PointRamY.cpp; sourceTree = "<group>"; };
		839EE9111CDBF74600D32F13 /* PointRamY.h */ = {isa = PBXFileReference; fileEncoding = 4; lastKnownFileType = sourcecode.c.h; path = PointRamY.h; sourceTree = "<group>"; };
		839EE9131CDBF76800D32F13 /* RamYUtility.cpp */ = {isa = PBXFileReference; fileEncoding = 4; lastKnownFileType = sourcecode.cpp.cpp; path = RamYUtility.cpp; sourceTree = "<group>"; };
		839EE9141CDBF76800D32F13 /* RamYUtility.h */ = {isa = PBXFileReference; fileEncoding = 4; lastKnownFileType = sourcecode.c.h; path = RamYUtility.h; sourceTree = "<group>"; };
		839EE9161CDBF95C00D32F13 /* RectangleRamY.cpp */ = {isa = PBXFileReference; fileEncoding = 4; lastKnownFileType = sourcecode.cpp.cpp; path = RectangleRamY.cpp; sourceTree = "<group>"; };
		839EE9171CDBF95C00D32F13 /* RectangleRamY.h */ = {isa = PBXFileReference; fileEncoding = 4; lastKnownFileType = sourcecode.c.h; path = RectangleRamY.h; sourceTree = "<group>"; };
		839EE9191CDBF98B00D32F13 /* CircleRamY.cpp */ = {isa = PBXFileReference; fileEncoding = 4; lastKnownFileType = sourcecode.cpp.cpp; path = CircleRamY.cpp; sourceTree = "<group>"; };
		839EE91A1CDBF98B00D32F13 /* CircleRamY.h */ = {isa = PBXFileReference; fileEncoding = 4; lastKnownFileType = sourcecode.c.h; path = CircleRamY.h; sourceTree = "<group>"; };
/* End PBXFileReference section */

/* Begin PBXFrameworksBuildPhase section */
		839EE9001CDBF6F000D32F13 /* Frameworks */ = {
			isa = PBXFrameworksBuildPhase;
			buildActionMask = 2147483647;
			files = (
			);
			runOnlyForDeploymentPostprocessing = 0;
		};
/* End PBXFrameworksBuildPhase section */

/* Begin PBXGroup section */
		839EE8FA1CDBF6F000D32F13 = {
			isa = PBXGroup;
			children = (
				839EE9051CDBF6F000D32F13 /* cis25Spring2016RamYadavHW7Ex1 */,
				839EE9041CDBF6F000D32F13 /* Products */,
			);
			sourceTree = "<group>";
		};
		839EE9041CDBF6F000D32F13 /* Products */ = {
			isa = PBXGroup;
			children = (
				839EE9031CDBF6F000D32F13 /* cis25Spring2016RamYadavHW7Ex1 */,
			);
			name = Products;
			sourceTree = "<group>";
		};
		839EE9051CDBF6F000D32F13 /* cis25Spring2016RamYadavHW7Ex1 */ = {
			isa = PBXGroup;
			children = (
				839EE9061CDBF6F000D32F13 /* RamYadavDriver.cpp */,
				839EE90E1CDBF72700D32F13 /* FractionRamY.h */,
				839EE9111CDBF74600D32F13 /* PointRamY.h */,
				839EE9171CDBF95C00D32F13 /* RectangleRamY.h */,
				839EE91A1CDBF98B00D32F13 /* CircleRamY.h */,
				839EE9141CDBF76800D32F13 /* RamYUtility.h */,
				839EE90D1CDBF72700D32F13 /* FractionRamY.cpp */,
				839EE9101CDBF74600D32F13 /* PointRamY.cpp */,
				839EE9161CDBF95C00D32F13 /* RectangleRamY.cpp */,
				839EE9191CDBF98B00D32F13 /* CircleRamY.cpp */,
				839EE9131CDBF76800D32F13 /* RamYUtility.cpp */,
			);
			path = cis25Spring2016RamYadavHW7Ex1;
			sourceTree = "<group>";
		};
/* End PBXGroup section */

/* Begin PBXNativeTarget section */
		839EE9021CDBF6F000D32F13 /* cis25Spring2016RamYadavHW7Ex1 */ = {
			isa = PBXNativeTarget;
			buildConfigurationList = 839EE90A1CDBF6F000D32F13 /* Build configuration list for PBXNativeTarget "cis25Spring2016RamYadavHW7Ex1" */;
			buildPhases = (
				839EE8FF1CDBF6F000D32F13 /* Sources */,
				839EE9001CDBF6F000D32F13 /* Frameworks */,
				839EE9011CDBF6F000D32F13 /* CopyFiles */,
			);
			buildRules = (
			);
			dependencies = (
			);
			name = cis25Spring2016RamYadavHW7Ex1;
			productName = cis25Spring2016RamYadavHW7Ex1;
			productReference = 839EE9031CDBF6F000D32F13 /* cis25Spring2016RamYadavHW7Ex1 */;
			productType = "com.apple.product-type.tool";
		};
/* End PBXNativeTarget section */

/* Begin PBXProject section */
		839EE8FB1CDBF6F000D32F13 /* Project object */ = {
			isa = PBXProject;
			attributes = {
				LastUpgradeCheck = 0730;
				ORGANIZATIONNAME = "Ram yadav";
				TargetAttributes = {
					839EE9021CDBF6F000D32F13 = {
						CreatedOnToolsVersion = 7.3;
					};
				};
			};
			buildConfigurationList = 839EE8FE1CDBF6F000D32F13 /* Build configuration list for PBXProject "cis25Spring2016RamYadavHW7Ex1" */;
			compatibilityVersion = "Xcode 3.2";
			developmentRegion = English;
			hasScannedForEncodings = 0;
			knownRegions = (
				en,
			);
			mainGroup = 839EE8FA1CDBF6F000D32F13;
			productRefGroup = 839EE9041CDBF6F000D32F13 /* Products */;
			projectDirPath = "";
			projectRoot = "";
			targets = (
				839EE9021CDBF6F000D32F13 /* cis25Spring2016RamYadavHW7Ex1 */,
			);
		};
/* End PBXProject section */

/* Begin PBXSourcesBuildPhase section */
		839EE8FF1CDBF6F000D32F13 /* Sources */ = {
			isa = PBXSourcesBuildPhase;
			buildActionMask = 2147483647;
			files = (
				839EE91B1CDBF98B00D32F13 /* CircleRamY.cpp in Sources */,
				839EE9181CDBF95C00D32F13 /* RectangleRamY.cpp in Sources */,
				839EE9151CDBF76800D32F13 /* RamYUtility.cpp in Sources */,
				839EE9121CDBF74600D32F13 /* PointRamY.cpp in Sources */,
				839EE90F1CDBF72700D32F13 /* FractionRamY.cpp in Sources */,
				839EE9071CDBF6F000D32F13 /* RamYadavDriver.cpp in Sources */,
			);
			runOnlyForDeploymentPostprocessing = 0;
		};
/* End PBXSourcesBuildPhase section */

/* Begin XCBuildConfiguration section */
		839EE9081CDBF6F000D32F13 /* Debug */ = {
			isa = XCBuildConfiguration;
			buildSettings = {
				ALWAYS_SEARCH_USER_PATHS = NO;
				CLANG_ANALYZER_NONNULL = YES;
				CLANG_CXX_LANGUAGE_STANDARD = "gnu++0x";
				CLANG_CXX_LIBRARY = "libc++";
				CLANG_ENABLE_MODULES = YES;
				CLANG_ENABLE_OBJC_ARC = YES;
				CLANG_WARN_BOOL_CONVERSION = YES;
				CLANG_WARN_CONSTANT_CONVERSION = YES;
				CLANG_WARN_DIRECT_OBJC_ISA_USAGE = YES_ERROR;
				CLANG_WARN_EMPTY_BODY = YES;
				CLANG_WARN_ENUM_CONVERSION = YES;
				CLANG_WARN_INT_CONVERSION = YES;
				CLANG_WARN_OBJC_ROOT_CLASS = YES_ERROR;
				CLANG_WARN_UNREACHABLE_CODE = YES;
				CLANG_WARN__DUPLICATE_METHOD_MATCH = YES;
				CODE_SIGN_IDENTITY = "-";
				COPY_PHASE_STRIP = NO;
				DEBUG_INFORMATION_FORMAT = dwarf;
				ENABLE_STRICT_OBJC_MSGSEND = YES;
				ENABLE_TESTABILITY = YES;
				GCC_C_LANGUAGE_STANDARD = gnu99;
				GCC_DYNAMIC_NO_PIC = NO;
				GCC_NO_COMMON_BLOCKS = YES;
				GCC_OPTIMIZATION_LEVEL = 0;
				GCC_PREPROCESSOR_DEFINITIONS = (
					"DEBUG=1",
					"$(inherited)",
				);
				GCC_WARN_64_TO_32_BIT_CONVERSION = YES;
				GCC_WARN_ABOUT_RETURN_TYPE = YES_ERROR;
				GCC_WARN_UNDECLARED_SELECTOR = YES;
				GCC_WARN_UNINITIALIZED_AUTOS = YES_AGGRESSIVE;
				GCC_WARN_UNUSED_FUNCTION = YES;
				GCC_WARN_UNUSED_VARIABLE = YES;
				MACOSX_DEPLOYMENT_TARGET = 10.11;
				MTL_ENABLE_DEBUG_INFO = YES;
				ONLY_ACTIVE_ARCH = YES;
				SDKROOT = macosx;
			};
			name = Debug;
		};
		839EE9091CDBF6F000D32F13 /* Release */ = {
			isa = XCBuildConfiguration;
			buildSettings = {
				ALWAYS_SEARCH_USER_PATHS = NO;
				CLANG_ANALYZER_NONNULL = YES;
				CLANG_CXX_LANGUAGE_STANDARD = "gnu++0x";
				CLANG_CXX_LIBRARY = "libc++";
				CLANG_ENABLE_MODULES = YES;
				CLANG_ENABLE_OBJC_ARC = YES;
				CLANG_WARN_BOOL_CONVERSION = YES;
				CLANG_WARN_CONSTANT_CONVERSION = YES;
				CLANG_WARN_DIRECT_OBJC_ISA_USAGE = YES_ERROR;
				CLANG_WARN_EMPTY_BODY = YES;
				CLANG_WARN_ENUM_CONVERSION = YES;
				CLANG_WARN_INT_CONVERSION = YES;
				CLANG_WARN_OBJC_ROOT_CLASS = YES_ERROR;
				CLANG_WARN_UNREACHABLE_CODE = YES;
				CLANG_WARN__DUPLICATE_METHOD_MATCH = YES;
				CODE_SIGN_IDENTITY = "-";
				COPY_PHASE_STRIP = NO;
				DEBUG_INFORMATION_FORMAT = "dwarf-with-dsym";
				ENABLE_NS_ASSERTIONS = NO;
				ENABLE_STRICT_OBJC_MSGSEND = YES;
				GCC_C_LANGUAGE_STANDARD = gnu99;
				GCC_NO_COMMON_BLOCKS = YES;
				GCC_WARN_64_TO_32_BIT_CONVERSION = YES;
				GCC_WARN_ABOUT_RETURN_TYPE = YES_ERROR;
				GCC_WARN_UNDECLARED_SELECTOR = YES;
				GCC_WARN_UNINITIALIZED_AUTOS = YES_AGGRESSIVE;
				GCC_WARN_UNUSED_FUNCTION = YES;
				GCC_WARN_UNUSED_VARIABLE = YES;
				MACOSX_DEPLOYMENT_TARGET = 10.11;
				MTL_ENABLE_DEBUG_INFO = NO;
				SDKROOT = macosx;
			};
			name = Release;
		};
		839EE90B1CDBF6F000D32F13 /* Debug */ = {
			isa = XCBuildConfiguration;
			buildSettings = {
				PRODUCT_NAME = "$(TARGET_NAME)";
			};
			name = Debug;
		};
		839EE90C1CDBF6F000D32F13 /* Release */ = {
			isa = XCBuildConfiguration;
			buildSettings = {
				PRODUCT_NAME = "$(TARGET_NAME)";
			};
			name = Release;
		};
/* End XCBuildConfiguration section */

/* Begin XCConfigurationList section */
		839EE8FE1CDBF6F000D32F13 /* Build configuration list for PBXProject "cis25Spring2016RamYadavHW7Ex1" */ = {
			isa = XCConfigurationList;
			buildConfigurations = (
				839EE9081CDBF6F000D32F13 /* Debug */,
				839EE9091CDBF6F000D32F13 /* Release */,
			);
			defaultConfigurationIsVisible = 0;
			defaultConfigurationName = Release;
		};
		839EE90A1CDBF6F000D32F13 /* Build configuration list for PBXNativeTarget "cis25Spring2016RamYadavHW7Ex1" */ = {
			isa = XCConfigurationList;
			buildConfigurations = (
				839EE90B1CDBF6F000D32F13 /* Debug */,
				839EE90C1CDBF6F000D32F13 /* Release */,
			);
			defaultConfigurationIsVisible = 0;
			defaultConfigurationName = Release;
		};
/* End XCConfigurationList section */
	};
	rootObject = 839EE8FB1CDBF6F000D32F13 /* Project object */;
}
